{
  "version": 2,
  "dependencies": {
    "net8.0": {
      "AutomaticInterface": {
        "type": "Direct",
        "requested": "[5.0.3, )",
        "resolved": "5.0.3",
        "contentHash": "l+sryO+LJK1m29tGt2TgnOP2lh+ScixRn4VEFb/dLVCFVGJsPXtBv5yrolIXsEZqiJ9y6bDdlN6q8lvklNq3Bg=="
      },
      "DotNet.ReproducibleBuilds": {
        "type": "Direct",
        "requested": "[1.2.25, )",
        "resolved": "1.2.25",
        "contentHash": "xCXiw7BCxHJ8pF6wPepRUddlh2dlQlbr81gXA72hdk4FLHkKXas7EH/n+fk5UCA/YfMqG1Z6XaPiUjDbUNBUzg=="
      },
      "Meziantou.Analyzer": {
        "type": "Direct",
        "requested": "[2.0.186, )",
        "resolved": "2.0.186",
        "contentHash": "PE8c9opHuUWLNqnZTN/KQC9oIfD/ZtsQ25sHF7/og4KfIRVnN4mgiyYw5NwCp8YPGapLoduIxuyQAcic6Eqcjg=="
      },
      "Microsoft.Extensions.DependencyInjection.Abstractions": {
        "type": "Direct",
        "requested": "[8.0.2, )",
        "resolved": "8.0.2",
        "contentHash": "3iE7UF7MQkCv1cxzCahz+Y/guQbTqieyxyaWKhrRO91itI9cOKO76OHeQDahqG4MmW5umr3CcCvGmK92lWNlbg=="
      },
      "Nerdbank.GitVersioning": {
        "type": "Direct",
        "requested": "[3.7.112, )",
        "resolved": "3.7.112",
        "contentHash": "j0jcfnTjvhytRanVR34Gaj6RFKk8EDmVhRW7929nWjCo8tzBxsa3XmFmbSGDA6nWXGhfehTixWhPgGWAbz+NQA=="
      }
    }
  }
}