{
  "version": 2,
  "dependencies": {
    "net8.0": {
      "AutomaticInterface": {
        "type": "Direct",
        "requested": "[2.5.0, )",
        "resolved": "2.5.0",
        "contentHash": "A3/O+CyJJ0wGbSg5k+v5UtnEYBvuscKaPf30fzyHHXwCcdSN8mFSKCj1vdke1wt3REx7sAZfC6VWAez+r7QiZg=="
      },
      "DotNet.ReproducibleBuilds": {
        "type": "Direct",
        "requested": "[1.2.25, )",
        "resolved": "1.2.25",
        "contentHash": "xCXiw7BCxHJ8pF6wPepRUddlh2dlQlbr81gXA72hdk4FLHkKXas7EH/n+fk5UCA/YfMqG1Z6XaPiUjDbUNBUzg=="
      },
      "Meziantou.Analyzer": {
        "type": "Direct",
        "requested": "[2.0.180, )",
        "resolved": "2.0.180",
        "contentHash": "ifamKi71rpJPkdL4f2q51Mzujvx4n4fstBLMhE66Ji6kGlDsiCcCQAVp7liZ+oxkenoShxwxJ4vaXSu153V+RQ=="
      },
      "Nerdbank.GitVersioning": {
        "type": "Direct",
        "requested": "[3.6.146, )",
        "resolved": "3.6.146",
        "contentHash": "W1eQ8hD9Y/cZ2+ilgxECl003xr1hybpN3fMxoTlMqg++BixETBMWzS4y9s08oHJKXgKtudsoxhITNOEf1OR66w=="
      }
    }
  }
}